
Microsoft Visual Studio Solution File, Format Version 12.00
# Visual Studio Version 17
VisualStudioVersion = 17.14.36202.13 d17.14
MinimumVisualStudioVersion = 10.0.40219.1
Project("{FAE04EC0-301F-11D3-BF4B-00C04F79EFBC}") = "DIExample", "DIExample\DIExample.csproj", "{E5E08C5C-6265-4478-8F14-AE5CB7D7ABC7}"
EndProject
Project("{FAE04EC0-301F-11D3-BF4B-00C04F79EFBC}") = "Services", "Services\Services.csproj", "{0745847B-C0AC-4A84-9B30-4E9830E0F4E9}"
EndProject
Project("{FAE04EC0-301F-11D3-BF4B-00C04F79EFBC}") = "ServiceContracts", "ServiceContracts\ServiceContracts.csproj", "{B51CAE62-EEE1-4651-A14B-EFAF8F30C78D}"
EndProject
Global
	GlobalSection(SolutionConfigurationPlatforms) = preSolution
		Debug|Any CPU = Debug|Any CPU
		Release|Any CPU = Release|Any CPU
	EndGlobalSection
	GlobalSection(ProjectConfigurationPlatforms) = postSolution
		{E5E08C5C-6265-4478-8F14-AE5CB7D7ABC7}.Debug|Any CPU.ActiveCfg = Debug|Any CPU
		{E5E08C5C-6265-4478-8F14-AE5CB7D7ABC7}.Debug|Any CPU.Build.0 = Debug|Any CPU
		{E5E08C5C-6265-4478-8F14-AE5CB7D7ABC7}.Release|Any CPU.ActiveCfg = Release|Any CPU
		{E5E08C5C-6265-4478-8F14-AE5CB7D7ABC7}.Release|Any CPU.Build.0 = Release|Any CPU
		{0745847B-C0AC-4A84-9B30-4E9830E0F4E9}.Debug|Any CPU.ActiveCfg = Debug|Any CPU
		{0745847B-C0AC-4A84-9B30-4E9830E0F4E9}.Debug|Any CPU.Build.0 = Debug|Any CPU
		{0745847B-C0AC-4A84-9B30-4E9830E0F4E9}.Release|Any CPU.ActiveCfg = Release|Any CPU
		{0745847B-C0AC-4A84-9B30-4E9830E0F4E9}.Release|Any CPU.Build.0 = Release|Any CPU
		{B51CAE62-EEE1-4651-A14B-EFAF8F30C78D}.Debug|Any CPU.ActiveCfg = Debug|Any CPU
		{B51CAE62-EEE1-4651-A14B-EFAF8F30C78D}.Debug|Any CPU.Build.0 = Debug|Any CPU
		{B51CAE62-EEE1-4651-A14B-EFAF8F30C78D}.Release|Any CPU.ActiveCfg = Release|Any CPU
		{B51CAE62-EEE1-4651-A14B-EFAF8F30C78D}.Release|Any CPU.Build.0 = Release|Any CPU
	EndGlobalSection
	GlobalSection(SolutionProperties) = preSolution
		HideSolutionNode = FALSE
	EndGlobalSection
	GlobalSection(ExtensibilityGlobals) = postSolution
		SolutionGuid = {FD363C7C-BBB3-4832-997E-CE02E8B5FA3B}
	EndGlobalSection
EndGlobal
