
Microsoft Visual Studio Solution File, Format Version 12.00
# Visual Studio Version 17
VisualStudioVersion = 17.14.36202.13 d17.14
MinimumVisualStudioVersion = 10.0.40219.1
Project("{FAE04EC0-301F-11D3-BF4B-00C04F79EFBC}") = "StocksApp", "StocksApp\StocksApp.csproj", "{FFC2AAA7-E0BC-4A2C-97F7-A4C4E640464A}"
EndProject
Global
	GlobalSection(SolutionConfigurationPlatforms) = preSolution
		Debug|Any CPU = Debug|Any CPU
		Release|Any CPU = Release|Any CPU
	EndGlobalSection
	GlobalSection(ProjectConfigurationPlatforms) = postSolution
		{FFC2AAA7-E0BC-4A2C-97F7-A4C4E640464A}.Debug|Any CPU.ActiveCfg = Debug|Any CPU
		{FFC2AAA7-E0BC-4A2C-97F7-A4C4E640464A}.Debug|Any CPU.Build.0 = Debug|Any CPU
		{FFC2AAA7-E0BC-4A2C-97F7-A4C4E640464A}.Release|Any CPU.ActiveCfg = Release|Any CPU
		{FFC2AAA7-E0BC-4A2C-97F7-A4C4E640464A}.Release|Any CPU.Build.0 = Release|Any CPU
	EndGlobalSection
	GlobalSection(SolutionProperties) = preSolution
		HideSolutionNode = FALSE
	EndGlobalSection
	GlobalSection(ExtensibilityGlobals) = postSolution
		SolutionGuid = {67D866B4-7894-4434-946D-81A03B2C5FE2}
	EndGlobalSection
EndGlobal
